
Microsoft Visual Studio Solution File, Format Version 12.00
# Visual Studio Version 17
VisualStudioVersion = 17.8.34408.163
MinimumVisualStudioVersion = 15.0.26124.0
Project("{9A19103F-16F7-4668-BE54-9A1E7A4F7556}") = "HackerNewsAPI", "HackerNewsAPI\HackerNewsAPI.csproj", "{7A44AD21-92A1-49DC-8E87-2C887503508C}"
EndProject
Project("{9A19103F-16F7-4668-BE54-9A1E7A4F7556}") = "HackerNewsAPI.Tests", "HackerNewsAPI.Tests\HackerNewsAPI.Tests.csproj", "{D249A249-8E1E-4113-9E57-652C8EE5E8E0}"
EndProject
Global
	GlobalSection(SolutionConfigurationPlatforms) = preSolution
		Debug|Any CPU = Debug|Any CPU
		Debug|x64 = Debug|x64
		Debug|x86 = Debug|x86
		Release|Any CPU = Release|Any CPU
		Release|x64 = Release|x64
		Release|x86 = Release|x86
	EndGlobalSection
	GlobalSection(ProjectConfigurationPlatforms) = postSolution
		{7A44AD21-92A1-49DC-8E87-2C887503508C}.Debug|Any CPU.ActiveCfg = Debug|Any CPU
		{7A44AD21-92A1-49DC-8E87-2C887503508C}.Debug|Any CPU.Build.0 = Debug|Any CPU
		{7A44AD21-92A1-49DC-8E87-2C887503508C}.Debug|x64.ActiveCfg = Debug|Any CPU
		{7A44AD21-92A1-49DC-8E87-2C887503508C}.Debug|x64.Build.0 = Debug|Any CPU
		{7A44AD21-92A1-49DC-8E87-2C887503508C}.Debug|x86.ActiveCfg = Debug|Any CPU
		{7A44AD21-92A1-49DC-8E87-2C887503508C}.Debug|x86.Build.0 = Debug|Any CPU
		{7A44AD21-92A1-49DC-8E87-2C887503508C}.Release|Any CPU.ActiveCfg = Release|Any CPU
		{7A44AD21-92A1-49DC-8E87-2C887503508C}.Release|Any CPU.Build.0 = Release|Any CPU
		{7A44AD21-92A1-49DC-8E87-2C887503508C}.Release|x64.ActiveCfg = Release|Any CPU
		{7A44AD21-92A1-49DC-8E87-2C887503508C}.Release|x64.Build.0 = Release|Any CPU
		{7A44AD21-92A1-49DC-8E87-2C887503508C}.Release|x86.ActiveCfg = Release|Any CPU
		{7A44AD21-92A1-49DC-8E87-2C887503508C}.Release|x86.Build.0 = Release|Any CPU
		{D249A249-8E1E-4113-9E57-652C8EE5E8E0}.Debug|Any CPU.ActiveCfg = Debug|Any CPU
		{D249A249-8E1E-4113-9E57-652C8EE5E8E0}.Debug|Any CPU.Build.0 = Debug|Any CPU
		{D249A249-8E1E-4113-9E57-652C8EE5E8E0}.Debug|x64.ActiveCfg = Debug|Any CPU
		{D249A249-8E1E-4113-9E57-652C8EE5E8E0}.Debug|x64.Build.0 = Debug|Any CPU
		{D249A249-8E1E-4113-9E57-652C8EE5E8E0}.Debug|x86.ActiveCfg = Debug|Any CPU
		{D249A249-8E1E-4113-9E57-652C8EE5E8E0}.Debug|x86.Build.0 = Debug|Any CPU
		{D249A249-8E1E-4113-9E57-652C8EE5E8E0}.Release|Any CPU.ActiveCfg = Release|Any CPU
		{D249A249-8E1E-4113-9E57-652C8EE5E8E0}.Release|Any CPU.Build.0 = Release|Any CPU
		{D249A249-8E1E-4113-9E57-652C8EE5E8E0}.Release|x64.ActiveCfg = Release|Any CPU
		{D249A249-8E1E-4113-9E57-652C8EE5E8E0}.Release|x64.Build.0 = Release|Any CPU
		{D249A249-8E1E-4113-9E57-652C8EE5E8E0}.Release|x86.ActiveCfg = Release|Any CPU
		{D249A249-8E1E-4113-9E57-652C8EE5E8E0}.Release|x86.Build.0 = Release|Any CPU
	EndGlobalSection
	GlobalSection(SolutionProperties) = preSolution
		HideSolutionNode = FALSE
	EndGlobalSection
EndGlobal
